
Microsoft Visual Studio Solution File, Format Version 12.00
# Visual Studio 15
VisualStudioVersion = 15.0.28307.106
MinimumVisualStudioVersion = 10.0.40219.1
Project("{2150E333-8FDC-42A3-9474-1A3956D46DE8}") = "Services", "Services", "{A4C2996D-683B-4266-AA34-711CD9E3B5EB}"
EndProject
Project("{2150E333-8FDC-42A3-9474-1A3956D46DE8}") = "WebApp", "WebApp", "{91117B44-D772-4E47-AD5B-DD373084B149}"
EndProject
Project("{2150E333-8FDC-42A3-9474-1A3956D46DE8}") = "Core", "Core", "{299D2C3D-C816-43AE-A496-1D2EA75FEA4D}"
EndProject
Project("{2150E333-8FDC-42A3-9474-1A3956D46DE8}") = "Redacao", "Redacao", "{96BC21F2-AB6E-49A6-BCD5-A1D3B721DC97}"
EndProject
Project("{9A19103F-16F7-4668-BE54-9A1E7A4F7556}") = "Redacao.WebApp", "Redacao.WebApp\Redacao.WebApp.csproj", "{BEE227AB-7125-4E97-B711-6BD4EFCE28E5}"
EndProject
Project("{9A19103F-16F7-4668-BE54-9A1E7A4F7556}") = "Redacao.Core", "Redacao.Core\Redacao.Core.csproj", "{C2985D98-C413-4990-A0EB-FE1D5D32A29C}"
EndProject
Project("{9A19103F-16F7-4668-BE54-9A1E7A4F7556}") = "Redacao.Application", "src\Redacao.Application\Redacao.Application.csproj", "{A50001CE-1AA3-4CD7-ABC2-7578EC7F42D9}"
EndProject
Project("{9A19103F-16F7-4668-BE54-9A1E7A4F7556}") = "Redacao.Domain", "src\Redacao.Domain\Redacao.Domain.csproj", "{44F1C0AC-EDA5-4F54-B77C-FCA31FAFB199}"
EndProject
Project("{9A19103F-16F7-4668-BE54-9A1E7A4F7556}") = "Redacao.Data", "src\RedacaoData\Redacao.Data.csproj", "{AF89CB74-79F4-4727-A3A9-EEA34653E5F9}"
EndProject
Project("{2150E333-8FDC-42A3-9474-1A3956D46DE8}") = "Avaliacao", "Avaliacao", "{E1AC649D-AFFD-49EB-A535-1A48A42D79EE}"
EndProject
Project("{9A19103F-16F7-4668-BE54-9A1E7A4F7556}") = "Redacao.Avaliacao.Application", "src\Redacao.Avaliacao.Application\Redacao.Avaliacao.Application.csproj", "{08AF57A5-48C3-4530-BFF4-CFD2EC05318A}"
EndProject
Project("{9A19103F-16F7-4668-BE54-9A1E7A4F7556}") = "Redacao.Avaliacao.Data", "src\Redacao.Avaliacao.Data\Redacao.Avaliacao.Data.csproj", "{6E90DB3E-A9E4-4843-B741-EF04C90C2B0A}"
EndProject
Project("{9A19103F-16F7-4668-BE54-9A1E7A4F7556}") = "Redacao.Avaliacao.Domain", "src\Redacao.Avaliacao.Domain\Redacao.Avaliacao.Domain.csproj", "{41EC0109-2BBD-461E-9EF1-788EC58E9214}"
EndProject
Project("{2150E333-8FDC-42A3-9474-1A3956D46DE8}") = "Usuario", "Usuario", "{6B569932-3D1E-414C-974F-97626C04B2F8}"
EndProject
Project("{9A19103F-16F7-4668-BE54-9A1E7A4F7556}") = "Redacao.Usuario.Data", "src\Redacao.Auth\Redacao.Usuario.Data.csproj", "{63730D6D-D43A-4DE4-AE6A-22145DEEC1FC}"
EndProject
Project("{9A19103F-16F7-4668-BE54-9A1E7A4F7556}") = "Redacao.Usuario.Application", "src\Redacao.Auth.Application\Redacao.Usuario.Application.csproj", "{6A312087-7FE3-48FD-A9DA-20204324BA05}"
EndProject
Project("{2150E333-8FDC-42A3-9474-1A3956D46DE8}") = "Log", "Log", "{4E90407F-62FC-42B9-A2C5-EB8B7FF35EC4}"
EndProject
Project("{9A19103F-16F7-4668-BE54-9A1E7A4F7556}") = "Redacao.Log.Application", "Redacao.Log.Application\Redacao.Log.Application.csproj", "{4EEE724E-F07B-4F6A-8B94-3BCABBFD1636}"
EndProject
Project("{9A19103F-16F7-4668-BE54-9A1E7A4F7556}") = "Redacao.Log.Data", "Redacao.Log.Data\Redacao.Log.Data.csproj", "{DCB82824-A9B5-4F79-AC28-DCC33BFE24EE}"
EndProject
Project("{9A19103F-16F7-4668-BE54-9A1E7A4F7556}") = "Redacao.Log.Domain", "Redacao.Log.Domain\Redacao.Log.Domain.csproj", "{C16EE273-EE61-4BD2-83BC-DD30D23DEBA3}"
EndProject
Project("{2150E333-8FDC-42A3-9474-1A3956D46DE8}") = "Email", "Email", "{D96DDFFE-0A7B-4408-A881-903DCC6C3DDA}"
EndProject
Project("{9A19103F-16F7-4668-BE54-9A1E7A4F7556}") = "Redacao.Email.Application", "Redacao.Email.Application\Redacao.Email.Application.csproj", "{6E8BCFBC-1956-4C0B-A63F-C48C1990EC87}"
EndProject
Project("{9A19103F-16F7-4668-BE54-9A1E7A4F7556}") = "Redacao.Usuario.Domain", "src\Redacao.Auth.Domain\Redacao.Usuario.Domain.csproj", "{7FE76DCC-7713-451E-8CC8-6611750F5396}"
EndProject
Project("{FAE04EC0-301F-11D3-BF4B-00C04F79EFBC}") = "Redacao.Tests", "Redacao.Tests\Redacao.Tests.csproj", "{34BF0F0E-9458-4562-A3E7-3165F4D0BCF0}"
EndProject
Global
	GlobalSection(SolutionConfigurationPlatforms) = preSolution
		Debug|Any CPU = Debug|Any CPU
		Release|Any CPU = Release|Any CPU
	EndGlobalSection
	GlobalSection(ProjectConfigurationPlatforms) = postSolution
		{BEE227AB-7125-4E97-B711-6BD4EFCE28E5}.Debug|Any CPU.ActiveCfg = Debug|Any CPU
		{BEE227AB-7125-4E97-B711-6BD4EFCE28E5}.Debug|Any CPU.Build.0 = Debug|Any CPU
		{BEE227AB-7125-4E97-B711-6BD4EFCE28E5}.Release|Any CPU.ActiveCfg = Release|Any CPU
		{BEE227AB-7125-4E97-B711-6BD4EFCE28E5}.Release|Any CPU.Build.0 = Release|Any CPU
		{C2985D98-C413-4990-A0EB-FE1D5D32A29C}.Debug|Any CPU.ActiveCfg = Debug|Any CPU
		{C2985D98-C413-4990-A0EB-FE1D5D32A29C}.Debug|Any CPU.Build.0 = Debug|Any CPU
		{C2985D98-C413-4990-A0EB-FE1D5D32A29C}.Release|Any CPU.ActiveCfg = Release|Any CPU
		{C2985D98-C413-4990-A0EB-FE1D5D32A29C}.Release|Any CPU.Build.0 = Release|Any CPU
		{A50001CE-1AA3-4CD7-ABC2-7578EC7F42D9}.Debug|Any CPU.ActiveCfg = Debug|Any CPU
		{A50001CE-1AA3-4CD7-ABC2-7578EC7F42D9}.Debug|Any CPU.Build.0 = Debug|Any CPU
		{A50001CE-1AA3-4CD7-ABC2-7578EC7F42D9}.Release|Any CPU.ActiveCfg = Release|Any CPU
		{A50001CE-1AA3-4CD7-ABC2-7578EC7F42D9}.Release|Any CPU.Build.0 = Release|Any CPU
		{44F1C0AC-EDA5-4F54-B77C-FCA31FAFB199}.Debug|Any CPU.ActiveCfg = Debug|Any CPU
		{44F1C0AC-EDA5-4F54-B77C-FCA31FAFB199}.Debug|Any CPU.Build.0 = Debug|Any CPU
		{44F1C0AC-EDA5-4F54-B77C-FCA31FAFB199}.Release|Any CPU.ActiveCfg = Release|Any CPU
		{44F1C0AC-EDA5-4F54-B77C-FCA31FAFB199}.Release|Any CPU.Build.0 = Release|Any CPU
		{AF89CB74-79F4-4727-A3A9-EEA34653E5F9}.Debug|Any CPU.ActiveCfg = Debug|Any CPU
		{AF89CB74-79F4-4727-A3A9-EEA34653E5F9}.Debug|Any CPU.Build.0 = Debug|Any CPU
		{AF89CB74-79F4-4727-A3A9-EEA34653E5F9}.Release|Any CPU.ActiveCfg = Release|Any CPU
		{AF89CB74-79F4-4727-A3A9-EEA34653E5F9}.Release|Any CPU.Build.0 = Release|Any CPU
		{08AF57A5-48C3-4530-BFF4-CFD2EC05318A}.Debug|Any CPU.ActiveCfg = Debug|Any CPU
		{08AF57A5-48C3-4530-BFF4-CFD2EC05318A}.Debug|Any CPU.Build.0 = Debug|Any CPU
		{08AF57A5-48C3-4530-BFF4-CFD2EC05318A}.Release|Any CPU.ActiveCfg = Release|Any CPU
		{08AF57A5-48C3-4530-BFF4-CFD2EC05318A}.Release|Any CPU.Build.0 = Release|Any CPU
		{6E90DB3E-A9E4-4843-B741-EF04C90C2B0A}.Debug|Any CPU.ActiveCfg = Debug|Any CPU
		{6E90DB3E-A9E4-4843-B741-EF04C90C2B0A}.Debug|Any CPU.Build.0 = Debug|Any CPU
		{6E90DB3E-A9E4-4843-B741-EF04C90C2B0A}.Release|Any CPU.ActiveCfg = Release|Any CPU
		{6E90DB3E-A9E4-4843-B741-EF04C90C2B0A}.Release|Any CPU.Build.0 = Release|Any CPU
		{41EC0109-2BBD-461E-9EF1-788EC58E9214}.Debug|Any CPU.ActiveCfg = Debug|Any CPU
		{41EC0109-2BBD-461E-9EF1-788EC58E9214}.Debug|Any CPU.Build.0 = Debug|Any CPU
		{41EC0109-2BBD-461E-9EF1-788EC58E9214}.Release|Any CPU.ActiveCfg = Release|Any CPU
		{41EC0109-2BBD-461E-9EF1-788EC58E9214}.Release|Any CPU.Build.0 = Release|Any CPU
		{63730D6D-D43A-4DE4-AE6A-22145DEEC1FC}.Debug|Any CPU.ActiveCfg = Debug|Any CPU
		{63730D6D-D43A-4DE4-AE6A-22145DEEC1FC}.Debug|Any CPU.Build.0 = Debug|Any CPU
		{63730D6D-D43A-4DE4-AE6A-22145DEEC1FC}.Release|Any CPU.ActiveCfg = Release|Any CPU
		{63730D6D-D43A-4DE4-AE6A-22145DEEC1FC}.Release|Any CPU.Build.0 = Release|Any CPU
		{6A312087-7FE3-48FD-A9DA-20204324BA05}.Debug|Any CPU.ActiveCfg = Debug|Any CPU
		{6A312087-7FE3-48FD-A9DA-20204324BA05}.Debug|Any CPU.Build.0 = Debug|Any CPU
		{6A312087-7FE3-48FD-A9DA-20204324BA05}.Release|Any CPU.ActiveCfg = Release|Any CPU
		{6A312087-7FE3-48FD-A9DA-20204324BA05}.Release|Any CPU.Build.0 = Release|Any CPU
		{4EEE724E-F07B-4F6A-8B94-3BCABBFD1636}.Debug|Any CPU.ActiveCfg = Debug|Any CPU
		{4EEE724E-F07B-4F6A-8B94-3BCABBFD1636}.Debug|Any CPU.Build.0 = Debug|Any CPU
		{4EEE724E-F07B-4F6A-8B94-3BCABBFD1636}.Release|Any CPU.ActiveCfg = Release|Any CPU
		{4EEE724E-F07B-4F6A-8B94-3BCABBFD1636}.Release|Any CPU.Build.0 = Release|Any CPU
		{DCB82824-A9B5-4F79-AC28-DCC33BFE24EE}.Debug|Any CPU.ActiveCfg = Debug|Any CPU
		{DCB82824-A9B5-4F79-AC28-DCC33BFE24EE}.Debug|Any CPU.Build.0 = Debug|Any CPU
		{DCB82824-A9B5-4F79-AC28-DCC33BFE24EE}.Release|Any CPU.ActiveCfg = Release|Any CPU
		{DCB82824-A9B5-4F79-AC28-DCC33BFE24EE}.Release|Any CPU.Build.0 = Release|Any CPU
		{C16EE273-EE61-4BD2-83BC-DD30D23DEBA3}.Debug|Any CPU.ActiveCfg = Debug|Any CPU
		{C16EE273-EE61-4BD2-83BC-DD30D23DEBA3}.Debug|Any CPU.Build.0 = Debug|Any CPU
		{C16EE273-EE61-4BD2-83BC-DD30D23DEBA3}.Release|Any CPU.ActiveCfg = Release|Any CPU
		{C16EE273-EE61-4BD2-83BC-DD30D23DEBA3}.Release|Any CPU.Build.0 = Release|Any CPU
		{6E8BCFBC-1956-4C0B-A63F-C48C1990EC87}.Debug|Any CPU.ActiveCfg = Debug|Any CPU
		{6E8BCFBC-1956-4C0B-A63F-C48C1990EC87}.Debug|Any CPU.Build.0 = Debug|Any CPU
		{6E8BCFBC-1956-4C0B-A63F-C48C1990EC87}.Release|Any CPU.ActiveCfg = Release|Any CPU
		{6E8BCFBC-1956-4C0B-A63F-C48C1990EC87}.Release|Any CPU.Build.0 = Release|Any CPU
		{7FE76DCC-7713-451E-8CC8-6611750F5396}.Debug|Any CPU.ActiveCfg = Debug|Any CPU
		{7FE76DCC-7713-451E-8CC8-6611750F5396}.Debug|Any CPU.Build.0 = Debug|Any CPU
		{7FE76DCC-7713-451E-8CC8-6611750F5396}.Release|Any CPU.ActiveCfg = Release|Any CPU
		{7FE76DCC-7713-451E-8CC8-6611750F5396}.Release|Any CPU.Build.0 = Release|Any CPU
		{34BF0F0E-9458-4562-A3E7-3165F4D0BCF0}.Debug|Any CPU.ActiveCfg = Debug|Any CPU
		{34BF0F0E-9458-4562-A3E7-3165F4D0BCF0}.Debug|Any CPU.Build.0 = Debug|Any CPU
		{34BF0F0E-9458-4562-A3E7-3165F4D0BCF0}.Release|Any CPU.ActiveCfg = Release|Any CPU
		{34BF0F0E-9458-4562-A3E7-3165F4D0BCF0}.Release|Any CPU.Build.0 = Release|Any CPU
	EndGlobalSection
	GlobalSection(SolutionProperties) = preSolution
		HideSolutionNode = FALSE
	EndGlobalSection
	GlobalSection(NestedProjects) = preSolution
		{299D2C3D-C816-43AE-A496-1D2EA75FEA4D} = {A4C2996D-683B-4266-AA34-711CD9E3B5EB}
		{96BC21F2-AB6E-49A6-BCD5-A1D3B721DC97} = {A4C2996D-683B-4266-AA34-711CD9E3B5EB}
		{BEE227AB-7125-4E97-B711-6BD4EFCE28E5} = {91117B44-D772-4E47-AD5B-DD373084B149}
		{C2985D98-C413-4990-A0EB-FE1D5D32A29C} = {299D2C3D-C816-43AE-A496-1D2EA75FEA4D}
		{A50001CE-1AA3-4CD7-ABC2-7578EC7F42D9} = {96BC21F2-AB6E-49A6-BCD5-A1D3B721DC97}
		{44F1C0AC-EDA5-4F54-B77C-FCA31FAFB199} = {96BC21F2-AB6E-49A6-BCD5-A1D3B721DC97}
		{AF89CB74-79F4-4727-A3A9-EEA34653E5F9} = {96BC21F2-AB6E-49A6-BCD5-A1D3B721DC97}
		{E1AC649D-AFFD-49EB-A535-1A48A42D79EE} = {A4C2996D-683B-4266-AA34-711CD9E3B5EB}
		{08AF57A5-48C3-4530-BFF4-CFD2EC05318A} = {E1AC649D-AFFD-49EB-A535-1A48A42D79EE}
		{6E90DB3E-A9E4-4843-B741-EF04C90C2B0A} = {E1AC649D-AFFD-49EB-A535-1A48A42D79EE}
		{41EC0109-2BBD-461E-9EF1-788EC58E9214} = {E1AC649D-AFFD-49EB-A535-1A48A42D79EE}
		{6B569932-3D1E-414C-974F-97626C04B2F8} = {A4C2996D-683B-4266-AA34-711CD9E3B5EB}
		{63730D6D-D43A-4DE4-AE6A-22145DEEC1FC} = {6B569932-3D1E-414C-974F-97626C04B2F8}
		{6A312087-7FE3-48FD-A9DA-20204324BA05} = {6B569932-3D1E-414C-974F-97626C04B2F8}
		{4E90407F-62FC-42B9-A2C5-EB8B7FF35EC4} = {A4C2996D-683B-4266-AA34-711CD9E3B5EB}
		{4EEE724E-F07B-4F6A-8B94-3BCABBFD1636} = {4E90407F-62FC-42B9-A2C5-EB8B7FF35EC4}
		{DCB82824-A9B5-4F79-AC28-DCC33BFE24EE} = {4E90407F-62FC-42B9-A2C5-EB8B7FF35EC4}
		{C16EE273-EE61-4BD2-83BC-DD30D23DEBA3} = {4E90407F-62FC-42B9-A2C5-EB8B7FF35EC4}
		{D96DDFFE-0A7B-4408-A881-903DCC6C3DDA} = {A4C2996D-683B-4266-AA34-711CD9E3B5EB}
		{6E8BCFBC-1956-4C0B-A63F-C48C1990EC87} = {D96DDFFE-0A7B-4408-A881-903DCC6C3DDA}
		{7FE76DCC-7713-451E-8CC8-6611750F5396} = {6B569932-3D1E-414C-974F-97626C04B2F8}
		{34BF0F0E-9458-4562-A3E7-3165F4D0BCF0} = {91117B44-D772-4E47-AD5B-DD373084B149}
	EndGlobalSection
	GlobalSection(ExtensibilityGlobals) = postSolution
		SolutionGuid = {A132344C-05FE-4C49-90D4-C1C73BA62335}
	EndGlobalSection
EndGlobal
