
Microsoft Visual Studio Solution File, Format Version 12.00
# Visual Studio 15
VisualStudioVersion = 15.0.28307.106
MinimumVisualStudioVersion = 10.0.40219.1
Project("{2150E333-8FDC-42A3-9474-1A3956D46DE8}") = "Services", "Services", "{A4C2996D-683B-4266-AA34-711CD9E3B5EB}"
EndProject
Project("{2150E333-8FDC-42A3-9474-1A3956D46DE8}") = "WebApp", "WebApp", "{91117B44-D772-4E47-AD5B-DD373084B149}"
EndProject
Project("{2150E333-8FDC-42A3-9474-1A3956D46DE8}") = "Core", "Core", "{299D2C3D-C816-43AE-A496-1D2EA75FEA4D}"
EndProject
Project("{2150E333-8FDC-42A3-9474-1A3956D46DE8}") = "Redacao", "Redacao", "{96BC21F2-AB6E-49A6-BCD5-A1D3B721DC97}"
EndProject
Project("{2150E333-8FDC-42A3-9474-1A3956D46DE8}") = "Usuario", "Usuario", "{574B0B92-E1A0-4D6E-AAE8-29C52B7B570C}"
EndProject
Project("{2150E333-8FDC-42A3-9474-1A3956D46DE8}") = "Financeiro", "Financeiro", "{B8B5F821-CA80-4C10-B966-2F48050D3149}"
EndProject
Project("{9A19103F-16F7-4668-BE54-9A1E7A4F7556}") = "Redacao.Usuario.Application", "src\Redacao.Usuario.Application\Redacao.Usuario.Application.csproj", "{0F5EB2D5-D833-4E1A-8737-900D8286E12C}"
EndProject
Project("{9A19103F-16F7-4668-BE54-9A1E7A4F7556}") = "Redacao.Usuario.Domain", "Redacao.Usuario.Domain\Redacao.Usuario.Domain.csproj", "{924215F6-A1DC-442F-986A-BCA8414572F7}"
EndProject
Project("{9A19103F-16F7-4668-BE54-9A1E7A4F7556}") = "Redacao.Usuario.Data", "Redacao.Usuario.Data\Redacao.Usuario.Data.csproj", "{3AAC1320-5439-483D-8046-640B257ED237}"
EndProject
Project("{9A19103F-16F7-4668-BE54-9A1E7A4F7556}") = "Redacao.WebApp", "Redacao.WebApp\Redacao.WebApp.csproj", "{BEE227AB-7125-4E97-B711-6BD4EFCE28E5}"
EndProject
Project("{9A19103F-16F7-4668-BE54-9A1E7A4F7556}") = "Redacao.Core", "Redacao.Core\Redacao.Core.csproj", "{C2985D98-C413-4990-A0EB-FE1D5D32A29C}"
EndProject
Project("{9A19103F-16F7-4668-BE54-9A1E7A4F7556}") = "Redacao.Application", "Redacao.Application\Redacao.Application.csproj", "{A50001CE-1AA3-4CD7-ABC2-7578EC7F42D9}"
EndProject
Project("{9A19103F-16F7-4668-BE54-9A1E7A4F7556}") = "Redacao.Domain", "Redacao.Domain\Redacao.Domain.csproj", "{44F1C0AC-EDA5-4F54-B77C-FCA31FAFB199}"
EndProject
Project("{9A19103F-16F7-4668-BE54-9A1E7A4F7556}") = "Redacao.Data", "RedacaoData\Redacao.Data.csproj", "{AF89CB74-79F4-4727-A3A9-EEA34653E5F9}"
EndProject
Project("{FAE04EC0-301F-11D3-BF4B-00C04F79EFBC}") = "Redacao.Financeiro.Application", "Redacao.Financeiro.Application\Redacao.Financeiro.Application.csproj", "{E27957BE-1ED8-4F4D-9870-5E649DFA23A3}"
EndProject
Project("{FAE04EC0-301F-11D3-BF4B-00C04F79EFBC}") = "Redacao.Financeiro.Domain", "Redacao.Financeiro.Domain\Redacao.Financeiro.Domain.csproj", "{653EC97F-BD6A-4DB0-875B-1F6B3DBB2661}"
EndProject
Project("{FAE04EC0-301F-11D3-BF4B-00C04F79EFBC}") = "Redacao.Financeiro.Data", "Redacao.Financeiro.Data\Redacao.Financeiro.Data.csproj", "{AB5072E9-E59A-479E-81F7-A79B91C2F419}"
EndProject
Global
	GlobalSection(SolutionConfigurationPlatforms) = preSolution
		Debug|Any CPU = Debug|Any CPU
		Release|Any CPU = Release|Any CPU
	EndGlobalSection
	GlobalSection(ProjectConfigurationPlatforms) = postSolution
		{0F5EB2D5-D833-4E1A-8737-900D8286E12C}.Debug|Any CPU.ActiveCfg = Debug|Any CPU
		{0F5EB2D5-D833-4E1A-8737-900D8286E12C}.Debug|Any CPU.Build.0 = Debug|Any CPU
		{0F5EB2D5-D833-4E1A-8737-900D8286E12C}.Release|Any CPU.ActiveCfg = Release|Any CPU
		{0F5EB2D5-D833-4E1A-8737-900D8286E12C}.Release|Any CPU.Build.0 = Release|Any CPU
		{924215F6-A1DC-442F-986A-BCA8414572F7}.Debug|Any CPU.ActiveCfg = Debug|Any CPU
		{924215F6-A1DC-442F-986A-BCA8414572F7}.Debug|Any CPU.Build.0 = Debug|Any CPU
		{924215F6-A1DC-442F-986A-BCA8414572F7}.Release|Any CPU.ActiveCfg = Release|Any CPU
		{924215F6-A1DC-442F-986A-BCA8414572F7}.Release|Any CPU.Build.0 = Release|Any CPU
		{3AAC1320-5439-483D-8046-640B257ED237}.Debug|Any CPU.ActiveCfg = Debug|Any CPU
		{3AAC1320-5439-483D-8046-640B257ED237}.Debug|Any CPU.Build.0 = Debug|Any CPU
		{3AAC1320-5439-483D-8046-640B257ED237}.Release|Any CPU.ActiveCfg = Release|Any CPU
		{3AAC1320-5439-483D-8046-640B257ED237}.Release|Any CPU.Build.0 = Release|Any CPU
		{BEE227AB-7125-4E97-B711-6BD4EFCE28E5}.Debug|Any CPU.ActiveCfg = Debug|Any CPU
		{BEE227AB-7125-4E97-B711-6BD4EFCE28E5}.Debug|Any CPU.Build.0 = Debug|Any CPU
		{BEE227AB-7125-4E97-B711-6BD4EFCE28E5}.Release|Any CPU.ActiveCfg = Release|Any CPU
		{BEE227AB-7125-4E97-B711-6BD4EFCE28E5}.Release|Any CPU.Build.0 = Release|Any CPU
		{C2985D98-C413-4990-A0EB-FE1D5D32A29C}.Debug|Any CPU.ActiveCfg = Debug|Any CPU
		{C2985D98-C413-4990-A0EB-FE1D5D32A29C}.Debug|Any CPU.Build.0 = Debug|Any CPU
		{C2985D98-C413-4990-A0EB-FE1D5D32A29C}.Release|Any CPU.ActiveCfg = Release|Any CPU
		{C2985D98-C413-4990-A0EB-FE1D5D32A29C}.Release|Any CPU.Build.0 = Release|Any CPU
		{A50001CE-1AA3-4CD7-ABC2-7578EC7F42D9}.Debug|Any CPU.ActiveCfg = Debug|Any CPU
		{A50001CE-1AA3-4CD7-ABC2-7578EC7F42D9}.Debug|Any CPU.Build.0 = Debug|Any CPU
		{A50001CE-1AA3-4CD7-ABC2-7578EC7F42D9}.Release|Any CPU.ActiveCfg = Release|Any CPU
		{A50001CE-1AA3-4CD7-ABC2-7578EC7F42D9}.Release|Any CPU.Build.0 = Release|Any CPU
		{44F1C0AC-EDA5-4F54-B77C-FCA31FAFB199}.Debug|Any CPU.ActiveCfg = Debug|Any CPU
		{44F1C0AC-EDA5-4F54-B77C-FCA31FAFB199}.Debug|Any CPU.Build.0 = Debug|Any CPU
		{44F1C0AC-EDA5-4F54-B77C-FCA31FAFB199}.Release|Any CPU.ActiveCfg = Release|Any CPU
		{44F1C0AC-EDA5-4F54-B77C-FCA31FAFB199}.Release|Any CPU.Build.0 = Release|Any CPU
		{AF89CB74-79F4-4727-A3A9-EEA34653E5F9}.Debug|Any CPU.ActiveCfg = Debug|Any CPU
		{AF89CB74-79F4-4727-A3A9-EEA34653E5F9}.Debug|Any CPU.Build.0 = Debug|Any CPU
		{AF89CB74-79F4-4727-A3A9-EEA34653E5F9}.Release|Any CPU.ActiveCfg = Release|Any CPU
		{AF89CB74-79F4-4727-A3A9-EEA34653E5F9}.Release|Any CPU.Build.0 = Release|Any CPU
		{E27957BE-1ED8-4F4D-9870-5E649DFA23A3}.Debug|Any CPU.ActiveCfg = Debug|Any CPU
		{E27957BE-1ED8-4F4D-9870-5E649DFA23A3}.Debug|Any CPU.Build.0 = Debug|Any CPU
		{E27957BE-1ED8-4F4D-9870-5E649DFA23A3}.Release|Any CPU.ActiveCfg = Release|Any CPU
		{E27957BE-1ED8-4F4D-9870-5E649DFA23A3}.Release|Any CPU.Build.0 = Release|Any CPU
		{653EC97F-BD6A-4DB0-875B-1F6B3DBB2661}.Debug|Any CPU.ActiveCfg = Debug|Any CPU
		{653EC97F-BD6A-4DB0-875B-1F6B3DBB2661}.Debug|Any CPU.Build.0 = Debug|Any CPU
		{653EC97F-BD6A-4DB0-875B-1F6B3DBB2661}.Release|Any CPU.ActiveCfg = Release|Any CPU
		{653EC97F-BD6A-4DB0-875B-1F6B3DBB2661}.Release|Any CPU.Build.0 = Release|Any CPU
		{AB5072E9-E59A-479E-81F7-A79B91C2F419}.Debug|Any CPU.ActiveCfg = Debug|Any CPU
		{AB5072E9-E59A-479E-81F7-A79B91C2F419}.Debug|Any CPU.Build.0 = Debug|Any CPU
		{AB5072E9-E59A-479E-81F7-A79B91C2F419}.Release|Any CPU.ActiveCfg = Release|Any CPU
		{AB5072E9-E59A-479E-81F7-A79B91C2F419}.Release|Any CPU.Build.0 = Release|Any CPU
	EndGlobalSection
	GlobalSection(SolutionProperties) = preSolution
		HideSolutionNode = FALSE
	EndGlobalSection
	GlobalSection(NestedProjects) = preSolution
		{299D2C3D-C816-43AE-A496-1D2EA75FEA4D} = {A4C2996D-683B-4266-AA34-711CD9E3B5EB}
		{96BC21F2-AB6E-49A6-BCD5-A1D3B721DC97} = {A4C2996D-683B-4266-AA34-711CD9E3B5EB}
		{574B0B92-E1A0-4D6E-AAE8-29C52B7B570C} = {A4C2996D-683B-4266-AA34-711CD9E3B5EB}
		{B8B5F821-CA80-4C10-B966-2F48050D3149} = {A4C2996D-683B-4266-AA34-711CD9E3B5EB}
		{0F5EB2D5-D833-4E1A-8737-900D8286E12C} = {574B0B92-E1A0-4D6E-AAE8-29C52B7B570C}
		{924215F6-A1DC-442F-986A-BCA8414572F7} = {574B0B92-E1A0-4D6E-AAE8-29C52B7B570C}
		{3AAC1320-5439-483D-8046-640B257ED237} = {574B0B92-E1A0-4D6E-AAE8-29C52B7B570C}
		{BEE227AB-7125-4E97-B711-6BD4EFCE28E5} = {91117B44-D772-4E47-AD5B-DD373084B149}
		{C2985D98-C413-4990-A0EB-FE1D5D32A29C} = {299D2C3D-C816-43AE-A496-1D2EA75FEA4D}
		{A50001CE-1AA3-4CD7-ABC2-7578EC7F42D9} = {96BC21F2-AB6E-49A6-BCD5-A1D3B721DC97}
		{44F1C0AC-EDA5-4F54-B77C-FCA31FAFB199} = {96BC21F2-AB6E-49A6-BCD5-A1D3B721DC97}
		{AF89CB74-79F4-4727-A3A9-EEA34653E5F9} = {96BC21F2-AB6E-49A6-BCD5-A1D3B721DC97}
		{E27957BE-1ED8-4F4D-9870-5E649DFA23A3} = {B8B5F821-CA80-4C10-B966-2F48050D3149}
		{653EC97F-BD6A-4DB0-875B-1F6B3DBB2661} = {B8B5F821-CA80-4C10-B966-2F48050D3149}
		{AB5072E9-E59A-479E-81F7-A79B91C2F419} = {B8B5F821-CA80-4C10-B966-2F48050D3149}
	EndGlobalSection
	GlobalSection(ExtensibilityGlobals) = postSolution
		SolutionGuid = {A132344C-05FE-4C49-90D4-C1C73BA62335}
	EndGlobalSection
EndGlobal
